
Microsoft Visual Studio Solution File, Format Version 12.00
# Visual Studio Version 16
VisualStudioVersion = 16.0.31321.278
MinimumVisualStudioVersion = 10.0.40219.1
Project("{FAE04EC0-301F-11D3-BF4B-00C04F79EFBC}") = "DiscordWebhookMessages", "DiscordWebhookMessages\DiscordWebhookMessages.csproj", "{9AE9D7A3-590F-46E1-A896-538F35C3AC73}"
EndProject
Global
	GlobalSection(SolutionConfigurationPlatforms) = preSolution
		Debug|Any CPU = Debug|Any CPU
		Release|Any CPU = Release|Any CPU
	EndGlobalSection
	GlobalSection(ProjectConfigurationPlatforms) = postSolution
		{9AE9D7A3-590F-46E1-A896-538F35C3AC73}.Debug|Any CPU.ActiveCfg = Debug|Any CPU
		{9AE9D7A3-590F-46E1-A896-538F35C3AC73}.Debug|Any CPU.Build.0 = Debug|Any CPU
		{9AE9D7A3-590F-46E1-A896-538F35C3AC73}.Release|Any CPU.ActiveCfg = Release|Any CPU
		{9AE9D7A3-590F-46E1-A896-538F35C3AC73}.Release|Any CPU.Build.0 = Release|Any CPU
	EndGlobalSection
	GlobalSection(SolutionProperties) = preSolution
		HideSolutionNode = FALSE
	EndGlobalSection
	GlobalSection(ExtensibilityGlobals) = postSolution
		SolutionGuid = {7F03DE71-7408-41C1-91B3-AB45BE741102}
	EndGlobalSection
EndGlobal
